<?xml version="1.0" encoding="utf-8"?>
<Project ToolsVersion="4.0" xmlns="http://schemas.microsoft.com/developer/msbuild/2003">
  <ItemGroup>
    <Filter Include="Source Files">
      <UniqueIdentifier>{4FC737F1-C7A5-4376-A066-2A32D752A2FF}</UniqueIdentifier>
      <Extensions>cpp;c;cc;cxx;def;odl;idl;hpj;bat;asm;asmx</Extensions>
    </Filter>
    <Filter Include="Header Files">
      <UniqueIdentifier>{93995380-89BD-4b04-88EB-625FBE52EBFB}</UniqueIdentifier>
      <Extensions>h;hpp;hxx;hm;inl;inc;xsd</Extensions>
    </Filter>
    <Filter Include="Driver Files">
      <UniqueIdentifier>{8E41214B-6785-4CFE-B992-037D68949A14}</UniqueIdentifier>
      <Extensions>inf;inv;inx;mof;mc;</Extensions>
    </Filter>
    <Filter Include="Native Calls">
      <UniqueIdentifier>{927cd96a-d27f-4c5f-b064-bc6b11c5c2d9}</UniqueIdentifier>
    </Filter>
  </ItemGroup>
  <ItemGroup>
    <Inf Include="PawnIO.inf">
      <Filter>Driver Files</Filter>
    </Inf>
  </ItemGroup>
  <ItemGroup>
    <ClInclude Include="ioctl.h">
      <Filter>Header Files</Filter>
    </ClInclude>
    <ClInclude Include="arch_detect.h">
      <Filter>Header Files</Filter>
    </ClInclude>
    <ClInclude Include="natives_impl.h">
      <Filter>Native Calls</Filter>
    </ClInclude>
    <ClInclude Include="vm.h">
      <Filter>Header Files</Filter>
    </ClInclude>
  </ItemGroup>
  <ItemGroup>
    <ClCompile Include="driver.cpp">
      <Filter>Source Files</Filter>
    </ClCompile>
    <ClCompile Include="msrmrs.cpp">
      <Filter>Native Calls</Filter>
    </ClCompile>
    <ClCompile Include="windows.cpp">
      <Filter>Native Calls</Filter>
    </ClCompile>
    <ClCompile Include="signature.cpp">
      <Filter>Source Files</Filter>
    </ClCompile>
    <ClCompile Include="vm.cpp">
      <Filter>Source Files</Filter>
    </ClCompile>
  </ItemGroup>
  <ItemGroup>
    <MASM Include="x64.asm">
      <Filter>Native Calls</Filter>
    </MASM>
  </ItemGroup>
</Project>